
Microsoft Visual Studio Solution File, Format Version 12.00
# Visual Studio Version 17
VisualStudioVersion = 17.14.36414.22 d17.14
MinimumVisualStudioVersion = 10.0.40219.1
Project("{FAE04EC0-301F-11D3-BF4B-00C04F79EFBC}") = "Madu", "Video.tund_ja_Madu\Madu.csproj", "{046AE3F5-0B66-41BE-B1B1-2DDF844C0F91}"
EndProject
Global
	GlobalSection(SolutionConfigurationPlatforms) = preSolution
		Debug|Any CPU = Debug|Any CPU
		Release|Any CPU = Release|Any CPU
	EndGlobalSection
	GlobalSection(ProjectConfigurationPlatforms) = postSolution
		{046AE3F5-0B66-41BE-B1B1-2DDF844C0F91}.Debug|Any CPU.ActiveCfg = Debug|Any CPU
		{046AE3F5-0B66-41BE-B1B1-2DDF844C0F91}.Debug|Any CPU.Build.0 = Debug|Any CPU
		{046AE3F5-0B66-41BE-B1B1-2DDF844C0F91}.Release|Any CPU.ActiveCfg = Release|Any CPU
		{046AE3F5-0B66-41BE-B1B1-2DDF844C0F91}.Release|Any CPU.Build.0 = Release|Any CPU
	EndGlobalSection
	GlobalSection(SolutionProperties) = preSolution
		HideSolutionNode = FALSE
	EndGlobalSection
	GlobalSection(ExtensibilityGlobals) = postSolution
		SolutionGuid = {8EFD9E02-FBA3-4C93-A4F1-1BFA2134D912}
	EndGlobalSection
EndGlobal
